{
    "requires": true,
    "lockfileVersion": 1,
    "dependencies": {
        "bootstrap-star-rating": {
            "version": "4.0.6",
            "resolved": "https://registry.npmjs.org/bootstrap-star-rating/-/bootstrap-star-rating-4.0.6.tgz",
            "integrity": "sha512-i/m2HuIWEQWoqxrlXohvnsiM2Vv77eaaS26/EjmMD4sUb79W+yDKbzEjtiVbGLNdGFaaRyVfdxZONELzqWca0g=="
        }
    }
}
